
Microsoft Visual Studio Solution File, Format Version 12.00
# Visual Studio 15
VisualStudioVersion = 15.0.26124.0
MinimumVisualStudioVersion = 15.0.26124.0
Project("{FAE04EC0-301F-11D3-BF4B-00C04F79EFBC}") = "demo-console-app", "demo-console-app\demo-console-app.csproj", "{1DFA3988-EDB4-45D3-B96D-018F5ED77BB6}"
EndProject
Project("{FAE04EC0-301F-11D3-BF4B-00C04F79EFBC}") = "xstate", "xstate\xstate.csproj", "{721B265E-5EA5-4F46-8578-9E7FF65A4836}"
EndProject
Global
	GlobalSection(SolutionConfigurationPlatforms) = preSolution
		Debug|Any CPU = Debug|Any CPU
		Debug|x64 = Debug|x64
		Debug|x86 = Debug|x86
		Release|Any CPU = Release|Any CPU
		Release|x64 = Release|x64
		Release|x86 = Release|x86
	EndGlobalSection
	GlobalSection(SolutionProperties) = preSolution
		HideSolutionNode = FALSE
	EndGlobalSection
	GlobalSection(ProjectConfigurationPlatforms) = postSolution
		{1DFA3988-EDB4-45D3-B96D-018F5ED77BB6}.Debug|Any CPU.ActiveCfg = Debug|Any CPU
		{1DFA3988-EDB4-45D3-B96D-018F5ED77BB6}.Debug|Any CPU.Build.0 = Debug|Any CPU
		{1DFA3988-EDB4-45D3-B96D-018F5ED77BB6}.Debug|x64.ActiveCfg = Debug|Any CPU
		{1DFA3988-EDB4-45D3-B96D-018F5ED77BB6}.Debug|x64.Build.0 = Debug|Any CPU
		{1DFA3988-EDB4-45D3-B96D-018F5ED77BB6}.Debug|x86.ActiveCfg = Debug|Any CPU
		{1DFA3988-EDB4-45D3-B96D-018F5ED77BB6}.Debug|x86.Build.0 = Debug|Any CPU
		{1DFA3988-EDB4-45D3-B96D-018F5ED77BB6}.Release|Any CPU.ActiveCfg = Release|Any CPU
		{1DFA3988-EDB4-45D3-B96D-018F5ED77BB6}.Release|Any CPU.Build.0 = Release|Any CPU
		{1DFA3988-EDB4-45D3-B96D-018F5ED77BB6}.Release|x64.ActiveCfg = Release|Any CPU
		{1DFA3988-EDB4-45D3-B96D-018F5ED77BB6}.Release|x64.Build.0 = Release|Any CPU
		{1DFA3988-EDB4-45D3-B96D-018F5ED77BB6}.Release|x86.ActiveCfg = Release|Any CPU
		{1DFA3988-EDB4-45D3-B96D-018F5ED77BB6}.Release|x86.Build.0 = Release|Any CPU
		{721B265E-5EA5-4F46-8578-9E7FF65A4836}.Debug|Any CPU.ActiveCfg = Debug|Any CPU
		{721B265E-5EA5-4F46-8578-9E7FF65A4836}.Debug|Any CPU.Build.0 = Debug|Any CPU
		{721B265E-5EA5-4F46-8578-9E7FF65A4836}.Debug|x64.ActiveCfg = Debug|Any CPU
		{721B265E-5EA5-4F46-8578-9E7FF65A4836}.Debug|x64.Build.0 = Debug|Any CPU
		{721B265E-5EA5-4F46-8578-9E7FF65A4836}.Debug|x86.ActiveCfg = Debug|Any CPU
		{721B265E-5EA5-4F46-8578-9E7FF65A4836}.Debug|x86.Build.0 = Debug|Any CPU
		{721B265E-5EA5-4F46-8578-9E7FF65A4836}.Release|Any CPU.ActiveCfg = Release|Any CPU
		{721B265E-5EA5-4F46-8578-9E7FF65A4836}.Release|Any CPU.Build.0 = Release|Any CPU
		{721B265E-5EA5-4F46-8578-9E7FF65A4836}.Release|x64.ActiveCfg = Release|Any CPU
		{721B265E-5EA5-4F46-8578-9E7FF65A4836}.Release|x64.Build.0 = Release|Any CPU
		{721B265E-5EA5-4F46-8578-9E7FF65A4836}.Release|x86.ActiveCfg = Release|Any CPU
		{721B265E-5EA5-4F46-8578-9E7FF65A4836}.Release|x86.Build.0 = Release|Any CPU
	EndGlobalSection
EndGlobal
